
Microsoft Visual Studio Solution File, Format Version 12.00
# Visual Studio Version 16
VisualStudioVersion = 16.0.30204.135
MinimumVisualStudioVersion = 10.0.40219.1
Project("{FAE04EC0-301F-11D3-BF4B-00C04F79EFBC}") = "Testkit.Common", "Testkit.Common\Testkit.Common.csproj", "{7CBAB545-6379-4537-AE2B-6923C63AFD0C}"
EndProject
Global
	GlobalSection(SolutionConfigurationPlatforms) = preSolution
		Debug|Any CPU = Debug|Any CPU
		Release|Any CPU = Release|Any CPU
	EndGlobalSection
	GlobalSection(ProjectConfigurationPlatforms) = postSolution
		{7CBAB545-6379-4537-AE2B-6923C63AFD0C}.Debug|Any CPU.ActiveCfg = Debug|Any CPU
		{7CBAB545-6379-4537-AE2B-6923C63AFD0C}.Debug|Any CPU.Build.0 = Debug|Any CPU
		{7CBAB545-6379-4537-AE2B-6923C63AFD0C}.Release|Any CPU.ActiveCfg = Release|Any CPU
		{7CBAB545-6379-4537-AE2B-6923C63AFD0C}.Release|Any CPU.Build.0 = Release|Any CPU
	EndGlobalSection
	GlobalSection(SolutionProperties) = preSolution
		HideSolutionNode = FALSE
	EndGlobalSection
	GlobalSection(ExtensibilityGlobals) = postSolution
		SolutionGuid = {4D48F0F2-FEB4-4FCB-B3AC-0D11BEA81025}
	EndGlobalSection
	GlobalSection(AutomaticVersions) = postSolution
		UpdateAssemblyVersion = True
		UpdateAssemblyFileVersion = False
		UpdateAssemblyInfoVersion = False
		AssemblyVersionSettings = None.None.None.Increment
		UpdatePackageVersion = False
		AssemblyInfoVersionType = SettingsVersion
		InheritWinAppVersionFrom = None
	EndGlobalSection
EndGlobal
